{
  "nodes": {
    "brightness": {
      "inputs": {
        "nixpkgs": "nixpkgs"
      },
      "locked": {
        "lastModified": 1,
        "narHash": "sha256-N6zyjuH985Poz3UdqWJmQwn5yxMOoO+4hVMgzh+MC5c=",
        "path": "/nix/store/sng8hhzy2d66q6mb48sllggp7d3xwj8v-source/packages/brightness",
        "type": "path"
      },
      "original": {
        "path": "/nix/store/sng8hhzy2d66q6mb48sllggp7d3xwj8v-source/packages/brightness",
        "type": "path"
      }
    },
    "home-manager": {
      "inputs": {
        "nixpkgs": [
          "nixpkgs"
        ],
        "utils": "utils"
      },
      "locked": {
        "lastModified": 1679738842,
        "narHash": "sha256-CvqRbsyDW756EskojZptDU590rez29RcHDV3ezoze08=",
        "owner": "nix-community",
        "repo": "home-manager",
        "rev": "83110c259889230b324bb2d35bef78bf5f214a1f",
        "type": "github"
      },
      "original": {
        "owner": "nix-community",
        "ref": "release-22.11",
        "repo": "home-manager",
        "type": "github"
      }
    },
    "logout": {
      "inputs": {
        "nixpkgs": "nixpkgs_2"
      },
      "locked": {
        "lastModified": 1,
        "narHash": "sha256-6ve1NAwEtIydNPbmNUWgPBbb6yIFCHnxig0DfMRUe5A=",
        "path": "/nix/store/sng8hhzy2d66q6mb48sllggp7d3xwj8v-source/packages/logout",
        "type": "path"
      },
      "original": {
        "path": "/nix/store/sng8hhzy2d66q6mb48sllggp7d3xwj8v-source/packages/logout",
        "type": "path"
      }
    },
    "networking": {
      "inputs": {
        "nixpkgs": "nixpkgs_3"
      },
      "locked": {
        "lastModified": 1,
        "narHash": "sha256-9/a8Lh87LZQBPlQXODBlXbJvUdmIuxVE2wwGeZQkxOc=",
        "path": "/nix/store/sng8hhzy2d66q6mb48sllggp7d3xwj8v-source/packages/networking",
        "type": "path"
      },
      "original": {
        "path": "/nix/store/sng8hhzy2d66q6mb48sllggp7d3xwj8v-source/packages/networking",
        "type": "path"
      }
    },
    "nixpkgs": {
      "locked": {
        "lastModified": 1680498889,
        "narHash": "sha256-4nGFBm+oILOO6DPoKTPxVlfkZSxCOY4W25zSRHESK48=",
        "owner": "nixos",
        "repo": "nixpkgs",
        "rev": "799d153e4f316143a9db0eb869ecf44d8d4c0356",
        "type": "github"
      },
      "original": {
        "owner": "nixos",
        "ref": "nixos-22.11",
        "repo": "nixpkgs",
        "type": "github"
      }
    },
    "nixpkgs_2": {
      "locked": {
        "lastModified": 1680588688,
        "narHash": "sha256-SW95w50Pdw3nivgTuCebtbbPqaCTp9ctnFMNj24vdck=",
        "owner": "nixos",
        "repo": "nixpkgs",
        "rev": "3e01f83884b8ed7cbafa784727fb343f1876d56f",
        "type": "github"
      },
      "original": {
        "owner": "nixos",
        "ref": "nixos-22.11",
        "repo": "nixpkgs",
        "type": "github"
      }
    },
    "nixpkgs_3": {
      "locked": {
        "lastModified": 1680498889,
        "narHash": "sha256-4nGFBm+oILOO6DPoKTPxVlfkZSxCOY4W25zSRHESK48=",
        "owner": "nixos",
        "repo": "nixpkgs",
        "rev": "799d153e4f316143a9db0eb869ecf44d8d4c0356",
        "type": "github"
      },
      "original": {
        "owner": "nixos",
        "ref": "nixos-22.11",
        "repo": "nixpkgs",
        "type": "github"
      }
    },
    "nixpkgs_4": {
      "locked": {
        "lastModified": 1680122840,
        "narHash": "sha256-zCQ/9iFHzCW5JMYkkHMwgK1/1/kTMgCMHq4THPINpAU=",
        "owner": "NixOS",
        "repo": "nixpkgs",
        "rev": "a575c243c23e2851b78c00e9fa245232926ec32f",
        "type": "github"
      },
      "original": {
        "owner": "NixOS",
        "ref": "nixos-22.11",
        "repo": "nixpkgs",
        "type": "github"
      }
    },
    "nixpkgs_5": {
      "locked": {
        "lastModified": 1680588688,
        "narHash": "sha256-SW95w50Pdw3nivgTuCebtbbPqaCTp9ctnFMNj24vdck=",
        "owner": "nixos",
        "repo": "nixpkgs",
        "rev": "3e01f83884b8ed7cbafa784727fb343f1876d56f",
        "type": "github"
      },
      "original": {
        "owner": "nixos",
        "ref": "nixos-22.11",
        "repo": "nixpkgs",
        "type": "github"
      }
    },
    "nixpkgs_6": {
      "locked": {
        "lastModified": 1680588688,
        "narHash": "sha256-SW95w50Pdw3nivgTuCebtbbPqaCTp9ctnFMNj24vdck=",
        "owner": "nixos",
        "repo": "nixpkgs",
        "rev": "3e01f83884b8ed7cbafa784727fb343f1876d56f",
        "type": "github"
      },
      "original": {
        "owner": "nixos",
        "ref": "nixos-22.11",
        "repo": "nixpkgs",
        "type": "github"
      }
    },
    "root": {
      "inputs": {
        "brightness": "brightness",
        "home-manager": "home-manager",
        "logout": "logout",
        "networking": "networking",
        "nixpkgs": "nixpkgs_4",
        "toggle": "toggle",
        "volume": "volume"
      }
    },
    "toggle": {
      "inputs": {
        "nixpkgs": "nixpkgs_5"
      },
      "locked": {
        "lastModified": 1,
        "narHash": "sha256-BSHRHyfS+tdYMcB3xxIkIRab6MjMBl9qA8wngmOEq98=",
        "path": "/nix/store/sng8hhzy2d66q6mb48sllggp7d3xwj8v-source/packages/toggle",
        "type": "path"
      },
      "original": {
        "path": "/nix/store/sng8hhzy2d66q6mb48sllggp7d3xwj8v-source/packages/toggle",
        "type": "path"
      }
    },
    "utils": {
      "locked": {
        "lastModified": 1667395993,
        "narHash": "sha256-nuEHfE/LcWyuSWnS8t12N1wc105Qtau+/OdUAjtQ0rA=",
        "owner": "numtide",
        "repo": "flake-utils",
        "rev": "5aed5285a952e0b949eb3ba02c12fa4fcfef535f",
        "type": "github"
      },
      "original": {
        "owner": "numtide",
        "repo": "flake-utils",
        "type": "github"
      }
    },
    "volume": {
      "inputs": {
        "nixpkgs": "nixpkgs_6"
      },
      "locked": {
        "lastModified": 1,
        "narHash": "sha256-M6XM03G3tcYlbC0jqs1i6DDbV3d5QIYme/MzOcsIbaE=",
        "path": "/nix/store/sng8hhzy2d66q6mb48sllggp7d3xwj8v-source/packages/volume",
        "type": "path"
      },
      "original": {
        "path": "/nix/store/sng8hhzy2d66q6mb48sllggp7d3xwj8v-source/packages/volume",
        "type": "path"
      }
    }
  },
  "root": "root",
  "version": 7
}
